{
  "nodes": {
    "home-manager": {
      "inputs": {
        "nixpkgs": [
          "nixpkgs"
        ]
      },
      "locked": {
        "lastModified": 1711585183,
        "narHash": "sha256-wyNPFEC2j0n0WZ9FVp/0HwD7dxoTCo13QwYU4oMXHxA=",
        "owner": "t-monaghan",
        "repo": "home-manager",
        "rev": "df5b9da7daad40d83fa6450cbed69410f09481e1",
        "type": "github"
      },
      "original": {
        "owner": "t-monaghan",
        "ref": "add-aerospace",
        "repo": "home-manager",
        "type": "github"
      }
    },
    "nix-darwin": {
      "inputs": {
        "nixpkgs": [
          "nixpkgs"
        ]
      },
      "locked": {
        "lastModified": 1716240091,
        "narHash": "sha256-++gJuNv0X8naF1VkaO2sAiM3T4wLx1NtdfubEsRzX7U=",
        "owner": "LnL7",
        "repo": "nix-darwin",
        "rev": "8bf083c992e2bc0a8c07f5860d3866739b698883",
        "type": "github"
      },
      "original": {
        "owner": "LnL7",
        "repo": "nix-darwin",
        "type": "github"
      }
    },
    "nixpkgs": {
      "locked": {
        "lastModified": 1715495445,
        "narHash": "sha256-6AV05gBAmuGk1QXOniA+pAmKGoSzyNgMJC4/8fHZxkA=",
        "owner": "t-monaghan",
        "repo": "nixpkgs",
        "rev": "ed101dcd4f14b10c044a6c7b2442da3800d2be05",
        "type": "github"
      },
      "original": {
        "owner": "t-monaghan",
        "ref": "add-aerospace",
        "repo": "nixpkgs",
        "type": "github"
      }
    },
    "root": {
      "inputs": {
        "home-manager": "home-manager",
        "nix-darwin": "nix-darwin",
        "nixpkgs": "nixpkgs"
      }
    }
  },
  "root": "root",
  "version": 7
}
